// !$*UTF8*$!
{
	archiveVersion = 1;
	classes = {
	};
	objectVersion = 46;
	objects = {

/* Begin PBXBuildFile section */
		1290AA701A8346F3004F1553 /* main.m in Sources */ = {isa = PBXBuildFile; fileRef = 1290AA6F1A8346F3004F1553 /* main.m */; };
		1290AA731A8346F3004F1553 /* AppDelegate.m in Sources */ = {isa = PBXBuildFile; fileRef = 1290AA721A8346F3004F1553 /* AppDelegate.m */; };
		1290AA761A8346F3004F1553 /* ViewController.m in Sources */ = {isa = PBXBuildFile; fileRef = 1290AA751A8346F3004F1553 /* ViewController.m */; };
		1290AA791A8346F3004F1553 /* Main.storyboard in Resources */ = {isa = PBXBuildFile; fileRef = 1290AA771A8346F3004F1553 /* Main.storyboard */; };
		1290AA7B1A8346F3004F1553 /* Images.xcassets in Resources */ = {isa = PBXBuildFile; fileRef = 1290AA7A1A8346F3004F1553 /* Images.xcassets */; };
		1290AA7E1A8346F3004F1553 /* LaunchScreen.xib in Resources */ = {isa = PBXBuildFile; fileRef = 1290AA7C1A8346F3004F1553 /* LaunchScreen.xib */; };
		1290AA8A1A8346F3004F1553 /* TryingTests.m in Sources */ = {isa = PBXBuildFile; fileRef = 1290AA891A8346F3004F1553 /* TryingTests.m */; };
		1290AA951A83470C004F1553 /* Car.m in Sources */ = {isa = PBXBuildFile; fileRef = 1290AA941A83470C004F1553 /* Car.m */; };
		1290AA981A834DA1004F1553 /* SecondViewController.m in Sources */ = {isa = PBXBuildFile; fileRef = 1290AA971A834DA1004F1553 /* SecondViewController.m */; };
		12A5D7541AAD877000A7F29F /* TryingTestsNew.m in Sources */ = {isa = PBXBuildFile; fileRef = 12A5D7531AAD877000A7F29F /* TryingTestsNew.m */; };
/* End PBXBuildFile section */

/* Begin PBXContainerItemProxy section */
		1290AA841A8346F3004F1553 /* PBXContainerItemProxy */ = {
			isa = PBXContainerItemProxy;
			containerPortal = 1290AA621A8346F3004F1553 /* Project object */;
			proxyType = 1;
			remoteGlobalIDString = 1290AA691A8346F3004F1553;
			remoteInfo = Trying;
		};
		12A5D7551AAD877000A7F29F /* PBXContainerItemProxy */ = {
			isa = PBXContainerItemProxy;
			containerPortal = 1290AA621A8346F3004F1553 /* Project object */;
			proxyType = 1;
			remoteGlobalIDString = 1290AA691A8346F3004F1553;
			remoteInfo = Trying;
		};
/* End PBXContainerItemProxy section */

/* Begin PBXFileReference section */
		1290AA6A1A8346F3004F1553 /* Trying.app */ = {isa = PBXFileReference; explicitFileType = wrapper.application; includeInIndex = 0; path = Trying.app; sourceTree = BUILT_PRODUCTS_DIR; };
		1290AA6E1A8346F3004F1553 /* Info.plist */ = {isa = PBXFileReference; lastKnownFileType = text.plist.xml; path = Info.plist; sourceTree = "<group>"; };
		1290AA6F1A8346F3004F1553 /* main.m */ = {isa = PBXFileReference; lastKnownFileType = sourcecode.c.objc; path = main.m; sourceTree = "<group>"; };
		1290AA711A8346F3004F1553 /* AppDelegate.h */ = {isa = PBXFileReference; lastKnownFileType = sourcecode.c.h; path = AppDelegate.h; sourceTree = "<group>"; };
		1290AA721A8346F3004F1553 /* AppDelegate.m */ = {isa = PBXFileReference; lastKnownFileType = sourcecode.c.objc; path = AppDelegate.m; sourceTree = "<group>"; };
		1290AA741A8346F3004F1553 /* ViewController.h */ = {isa = PBXFileReference; lastKnownFileType = sourcecode.c.h; path = ViewController.h; sourceTree = "<group>"; };
		1290AA751A8346F3004F1553 /* ViewController.m */ = {isa = PBXFileReference; lastKnownFileType = sourcecode.c.objc; path = ViewController.m; sourceTree = "<group>"; };
		1290AA781A8346F3004F1553 /* Base */ = {isa = PBXFileReference; lastKnownFileType = file.storyboard; name = Base; path = Base.lproj/Main.storyboard; sourceTree = "<group>"; };
		1290AA7A1A8346F3004F1553 /* Images.xcassets */ = {isa = PBXFileReference; lastKnownFileType = folder.assetcatalog; path = Images.xcassets; sourceTree = "<group>"; };
		1290AA7D1A8346F3004F1553 /* Base */ = {isa = PBXFileReference; lastKnownFileType = file.xib; name = Base; path = Base.lproj/LaunchScreen.xib; sourceTree = "<group>"; };
		1290AA831A8346F3004F1553 /* TryingTests.xctest */ = {isa = PBXFileReference; explicitFileType = wrapper.cfbundle; includeInIndex = 0; path = TryingTests.xctest; sourceTree = BUILT_PRODUCTS_DIR; };
		1290AA881A8346F3004F1553 /* Info.plist */ = {isa = PBXFileReference; lastKnownFileType = text.plist.xml; path = Info.plist; sourceTree = "<group>"; };
		1290AA891A8346F3004F1553 /* TryingTests.m */ = {isa = PBXFileReference; lastKnownFileType = sourcecode.c.objc; path = TryingTests.m; sourceTree = "<group>"; };
		1290AA931A83470C004F1553 /* Car.h */ = {isa = PBXFileReference; fileEncoding = 4; lastKnownFileType = sourcecode.c.h; path = Car.h; sourceTree = "<group>"; };
		1290AA941A83470C004F1553 /* Car.m */ = {isa = PBXFileReference; fileEncoding = 4; lastKnownFileType = sourcecode.c.objc; path = Car.m; sourceTree = "<group>"; };
		1290AA961A834DA1004F1553 /* SecondViewController.h */ = {isa = PBXFileReference; fileEncoding = 4; lastKnownFileType = sourcecode.c.h; path = SecondViewController.h; sourceTree = "<group>"; };
		1290AA971A834DA1004F1553 /* SecondViewController.m */ = {isa = PBXFileReference; fileEncoding = 4; lastKnownFileType = sourcecode.c.objc; path = SecondViewController.m; sourceTree = "<group>"; };
		12A5D74F1AAD877000A7F29F /* TryingTestsNew.xctest */ = {isa = PBXFileReference; explicitFileType = wrapper.cfbundle; includeInIndex = 0; path = TryingTestsNew.xctest; sourceTree = BUILT_PRODUCTS_DIR; };
		12A5D7521AAD877000A7F29F /* Info.plist */ = {isa = PBXFileReference; lastKnownFileType = text.plist.xml; path = Info.plist; sourceTree = "<group>"; };
		12A5D7531AAD877000A7F29F /* TryingTestsNew.m */ = {isa = PBXFileReference; lastKnownFileType = sourcecode.c.objc; path = TryingTestsNew.m; sourceTree = "<group>"; };
/* End PBXFileReference section */

/* Begin PBXFrameworksBuildPhase section */
		1290AA671A8346F3004F1553 /* Frameworks */ = {
			isa = PBXFrameworksBuildPhase;
			buildActionMask = 2147483647;
			files = (
			);
			runOnlyForDeploymentPostprocessing = 0;
		};
		1290AA801A8346F3004F1553 /* Frameworks */ = {
			isa = PBXFrameworksBuildPhase;
			buildActionMask = 2147483647;
			files = (
			);
			runOnlyForDeploymentPostprocessing = 0;
		};
		12A5D74C1AAD877000A7F29F /* Frameworks */ = {
			isa = PBXFrameworksBuildPhase;
			buildActionMask = 2147483647;
			files = (
			);
			runOnlyForDeploymentPostprocessing = 0;
		};
/* End PBXFrameworksBuildPhase section */

/* Begin PBXGroup section */
		1290AA611A8346F3004F1553 = {
			isa = PBXGroup;
			children = (
				1290AA6C1A8346F3004F1553 /* Trying */,
				1290AA861A8346F3004F1553 /* TryingTests */,
				12A5D7501AAD877000A7F29F /* TryingTestsNew */,
				1290AA6B1A8346F3004F1553 /* Products */,
			);
			sourceTree = "<group>";
		};
		1290AA6B1A8346F3004F1553 /* Products */ = {
			isa = PBXGroup;
			children = (
				1290AA6A1A8346F3004F1553 /* Trying.app */,
				1290AA831A8346F3004F1553 /* TryingTests.xctest */,
				12A5D74F1AAD877000A7F29F /* TryingTestsNew.xctest */,
			);
			name = Products;
			sourceTree = "<group>";
		};
		1290AA6C1A8346F3004F1553 /* Trying */ = {
			isa = PBXGroup;
			children = (
				1290AA711A8346F3004F1553 /* AppDelegate.h */,
				1290AA721A8346F3004F1553 /* AppDelegate.m */,
				1290AA741A8346F3004F1553 /* ViewController.h */,
				1290AA751A8346F3004F1553 /* ViewController.m */,
				1290AA771A8346F3004F1553 /* Main.storyboard */,
				1290AA7A1A8346F3004F1553 /* Images.xcassets */,
				1290AA7C1A8346F3004F1553 /* LaunchScreen.xib */,
				1290AA6D1A8346F3004F1553 /* Supporting Files */,
				1290AA931A83470C004F1553 /* Car.h */,
				1290AA941A83470C004F1553 /* Car.m */,
				1290AA961A834DA1004F1553 /* SecondViewController.h */,
				1290AA971A834DA1004F1553 /* SecondViewController.m */,
			);
			path = Trying;
			sourceTree = "<group>";
		};
		1290AA6D1A8346F3004F1553 /* Supporting Files */ = {
			isa = PBXGroup;
			children = (
				1290AA6E1A8346F3004F1553 /* Info.plist */,
				1290AA6F1A8346F3004F1553 /* main.m */,
			);
			name = "Supporting Files";
			sourceTree = "<group>";
		};
		1290AA861A8346F3004F1553 /* TryingTests */ = {
			isa = PBXGroup;
			children = (
				1290AA891A8346F3004F1553 /* TryingTests.m */,
				1290AA871A8346F3004F1553 /* Supporting Files */,
			);
			path = TryingTests;
			sourceTree = "<group>";
		};
		1290AA871A8346F3004F1553 /* Supporting Files */ = {
			isa = PBXGroup;
			children = (
				1290AA881A8346F3004F1553 /* Info.plist */,
			);
			name = "Supporting Files";
			sourceTree = "<group>";
		};
		12A5D7501AAD877000A7F29F /* TryingTestsNew */ = {
			isa = PBXGroup;
			children = (
				12A5D7531AAD877000A7F29F /* TryingTestsNew.m */,
				12A5D7511AAD877000A7F29F /* Supporting Files */,
			);
			path = TryingTestsNew;
			sourceTree = "<group>";
		};
		12A5D7511AAD877000A7F29F /* Supporting Files */ = {
			isa = PBXGroup;
			children = (
				12A5D7521AAD877000A7F29F /* Info.plist */,
			);
			name = "Supporting Files";
			sourceTree = "<group>";
		};
/* End PBXGroup section */

/* Begin PBXNativeTarget section */
		1290AA691A8346F3004F1553 /* Trying */ = {
			isa = PBXNativeTarget;
			buildConfigurationList = 1290AA8D1A8346F3004F1553 /* Build configuration list for PBXNativeTarget "Trying" */;
			buildPhases = (
				1290AA661A8346F3004F1553 /* Sources */,
				1290AA671A8346F3004F1553 /* Frameworks */,
				1290AA681A8346F3004F1553 /* Resources */,
			);
			buildRules = (
			);
			dependencies = (
			);
			name = Trying;
			productName = Trying;
			productReference = 1290AA6A1A8346F3004F1553 /* Trying.app */;
			productType = "com.apple.product-type.application";
		};
		1290AA821A8346F3004F1553 /* TryingTests */ = {
			isa = PBXNativeTarget;
			buildConfigurationList = 1290AA901A8346F3004F1553 /* Build configuration list for PBXNativeTarget "TryingTests" */;
			buildPhases = (
				1290AA7F1A8346F3004F1553 /* Sources */,
				1290AA801A8346F3004F1553 /* Frameworks */,
				1290AA811A8346F3004F1553 /* Resources */,
			);
			buildRules = (
			);
			dependencies = (
				1290AA851A8346F3004F1553 /* PBXTargetDependency */,
			);
			name = TryingTests;
			productName = TryingTests;
			productReference = 1290AA831A8346F3004F1553 /* TryingTests.xctest */;
			productType = "com.apple.product-type.bundle.unit-test";
		};
		12A5D74E1AAD877000A7F29F /* TryingTestsNew */ = {
			isa = PBXNativeTarget;
			buildConfigurationList = 12A5D7571AAD877000A7F29F /* Build configuration list for PBXNativeTarget "TryingTestsNew" */;
			buildPhases = (
				12A5D74B1AAD877000A7F29F /* Sources */,
				12A5D74C1AAD877000A7F29F /* Frameworks */,
				12A5D74D1AAD877000A7F29F /* Resources */,
			);
			buildRules = (
			);
			dependencies = (
				12A5D7561AAD877000A7F29F /* PBXTargetDependency */,
			);
			name = TryingTestsNew;
			productName = TryingTestsNew;
			productReference = 12A5D74F1AAD877000A7F29F /* TryingTestsNew.xctest */;
			productType = "com.apple.product-type.bundle.unit-test";
		};
/* End PBXNativeTarget section */

/* Begin PBXProject section */
		1290AA621A8346F3004F1553 /* Project object */ = {
			isa = PBXProject;
			attributes = {
				LastUpgradeCheck = 0610;
				ORGANIZATIONNAME = Owl;
				TargetAttributes = {
					1290AA691A8346F3004F1553 = {
						CreatedOnToolsVersion = 6.1.1;
					};
					1290AA821A8346F3004F1553 = {
						CreatedOnToolsVersion = 6.1.1;
						TestTargetID = 1290AA691A8346F3004F1553;
					};
					12A5D74E1AAD877000A7F29F = {
						CreatedOnToolsVersion = 6.1.1;
						TestTargetID = 1290AA691A8346F3004F1553;
					};
				};
			};
			buildConfigurationList = 1290AA651A8346F3004F1553 /* Build configuration list for PBXProject "Trying" */;
			compatibilityVersion = "Xcode 3.2";
			developmentRegion = English;
			hasScannedForEncodings = 0;
			knownRegions = (
				en,
				Base,
			);
			mainGroup = 1290AA611A8346F3004F1553;
			productRefGroup = 1290AA6B1A8346F3004F1553 /* Products */;
			projectDirPath = "";
			projectRoot = "";
			targets = (
				1290AA691A8346F3004F1553 /* Trying */,
				1290AA821A8346F3004F1553 /* TryingTests */,
				12A5D74E1AAD877000A7F29F /* TryingTestsNew */,
			);
		};
/* End PBXProject section */

/* Begin PBXResourcesBuildPhase section */
		1290AA681A8346F3004F1553 /* Resources */ = {
			isa = PBXResourcesBuildPhase;
			buildActionMask = 2147483647;
			files = (
				1290AA791A8346F3004F1553 /* Main.storyboard in Resources */,
				1290AA7E1A8346F3004F1553 /* LaunchScreen.xib in Resources */,
				1290AA7B1A8346F3004F1553 /* Images.xcassets in Resources */,
			);
			runOnlyForDeploymentPostprocessing = 0;
		};
		1290AA811A8346F3004F1553 /* Resources */ = {
			isa = PBXResourcesBuildPhase;
			buildActionMask = 2147483647;
			files = (
			);
			runOnlyForDeploymentPostprocessing = 0;
		};
		12A5D74D1AAD877000A7F29F /* Resources */ = {
			isa = PBXResourcesBuildPhase;
			buildActionMask = 2147483647;
			files = (
			);
			runOnlyForDeploymentPostprocessing = 0;
		};
/* End PBXResourcesBuildPhase section */

/* Begin PBXSourcesBuildPhase section */
		1290AA661A8346F3004F1553 /* Sources */ = {
			isa = PBXSourcesBuildPhase;
			buildActionMask = 2147483647;
			files = (
				1290AA981A834DA1004F1553 /* SecondViewController.m in Sources */,
				1290AA761A8346F3004F1553 /* ViewController.m in Sources */,
				1290AA731A8346F3004F1553 /* AppDelegate.m in Sources */,
				1290AA951A83470C004F1553 /* Car.m in Sources */,
				1290AA701A8346F3004F1553 /* main.m in Sources */,
			);
			runOnlyForDeploymentPostprocessing = 0;
		};
		1290AA7F1A8346F3004F1553 /* Sources */ = {
			isa = PBXSourcesBuildPhase;
			buildActionMask = 2147483647;
			files = (
				1290AA8A1A8346F3004F1553 /* TryingTests.m in Sources */,
			);
			runOnlyForDeploymentPostprocessing = 0;
		};
		12A5D74B1AAD877000A7F29F /* Sources */ = {
			isa = PBXSourcesBuildPhase;
			buildActionMask = 2147483647;
			files = (
				12A5D7541AAD877000A7F29F /* TryingTestsNew.m in Sources */,
			);
			runOnlyForDeploymentPostprocessing = 0;
		};
/* End PBXSourcesBuildPhase section */

/* Begin PBXTargetDependency section */
		1290AA851A8346F3004F1553 /* PBXTargetDependency */ = {
			isa = PBXTargetDependency;
			target = 1290AA691A8346F3004F1553 /* Trying */;
			targetProxy = 1290AA841A8346F3004F1553 /* PBXContainerItemProxy */;
		};
		12A5D7561AAD877000A7F29F /* PBXTargetDependency */ = {
			isa = PBXTargetDependency;
			target = 1290AA691A8346F3004F1553 /* Trying */;
			targetProxy = 12A5D7551AAD877000A7F29F /* PBXContainerItemProxy */;
		};
/* End PBXTargetDependency section */

/* Begin PBXVariantGroup section */
		1290AA771A8346F3004F1553 /* Main.storyboard */ = {
			isa = PBXVariantGroup;
			children = (
				1290AA781A8346F3004F1553 /* Base */,
			);
			name = Main.storyboard;
			sourceTree = "<group>";
		};
		1290AA7C1A8346F3004F1553 /* LaunchScreen.xib */ = {
			isa = PBXVariantGroup;
			children = (
				1290AA7D1A8346F3004F1553 /* Base */,
			);
			name = LaunchScreen.xib;
			sourceTree = "<group>";
		};
/* End PBXVariantGroup section */

/* Begin XCBuildConfiguration section */
		1290AA8B1A8346F3004F1553 /* Debug */ = {
			isa = XCBuildConfiguration;
			buildSettings = {
				ALWAYS_SEARCH_USER_PATHS = NO;
				CLANG_CXX_LANGUAGE_STANDARD = "gnu++0x";
				CLANG_CXX_LIBRARY = "libc++";
				CLANG_ENABLE_MODULES = YES;
				CLANG_ENABLE_OBJC_ARC = YES;
				CLANG_WARN_BOOL_CONVERSION = YES;
				CLANG_WARN_CONSTANT_CONVERSION = YES;
				CLANG_WARN_DIRECT_OBJC_ISA_USAGE = YES_ERROR;
				CLANG_WARN_EMPTY_BODY = YES;
				CLANG_WARN_ENUM_CONVERSION = YES;
				CLANG_WARN_INT_CONVERSION = YES;
				CLANG_WARN_OBJC_ROOT_CLASS = YES_ERROR;
				CLANG_WARN_UNREACHABLE_CODE = YES;
				CLANG_WARN__DUPLICATE_METHOD_MATCH = YES;
				"CODE_SIGN_IDENTITY[sdk=iphoneos*]" = "iPhone Developer";
				COPY_PHASE_STRIP = NO;
				ENABLE_STRICT_OBJC_MSGSEND = YES;
				GCC_C_LANGUAGE_STANDARD = gnu99;
				GCC_DYNAMIC_NO_PIC = NO;
				GCC_OPTIMIZATION_LEVEL = 0;
				GCC_PREPROCESSOR_DEFINITIONS = (
					"DEBUG=1",
					"$(inherited)",
				);
				GCC_SYMBOLS_PRIVATE_EXTERN = NO;
				GCC_WARN_64_TO_32_BIT_CONVERSION = YES;
				GCC_WARN_ABOUT_RETURN_TYPE = YES_ERROR;
				GCC_WARN_UNDECLARED_SELECTOR = YES;
				GCC_WARN_UNINITIALIZED_AUTOS = YES_AGGRESSIVE;
				GCC_WARN_UNUSED_FUNCTION = YES;
				GCC_WARN_UNUSED_VARIABLE = YES;
				IPHONEOS_DEPLOYMENT_TARGET = 8.1;
				MTL_ENABLE_DEBUG_INFO = YES;
				ONLY_ACTIVE_ARCH = YES;
				SDKROOT = iphoneos;
			};
			name = Debug;
		};
		1290AA8C1A8346F3004F1553 /* Release */ = {
			isa = XCBuildConfiguration;
			buildSettings = {
				ALWAYS_SEARCH_USER_PATHS = NO;
				CLANG_CXX_LANGUAGE_STANDARD = "gnu++0x";
				CLANG_CXX_LIBRARY = "libc++";
				CLANG_ENABLE_MODULES = YES;
				CLANG_ENABLE_OBJC_ARC = YES;
				CLANG_WARN_BOOL_CONVERSION = YES;
				CLANG_WARN_CONSTANT_CONVERSION = YES;
				CLANG_WARN_DIRECT_OBJC_ISA_USAGE = YES_ERROR;
				CLANG_WARN_EMPTY_BODY = YES;
				CLANG_WARN_ENUM_CONVERSION = YES;
				CLANG_WARN_INT_CONVERSION = YES;
				CLANG_WARN_OBJC_ROOT_CLASS = YES_ERROR;
				CLANG_WARN_UNREACHABLE_CODE = YES;
				CLANG_WARN__DUPLICATE_METHOD_MATCH = YES;
				"CODE_SIGN_IDENTITY[sdk=iphoneos*]" = "iPhone Developer";
				COPY_PHASE_STRIP = YES;
				ENABLE_NS_ASSERTIONS = NO;
				ENABLE_STRICT_OBJC_MSGSEND = YES;
				GCC_C_LANGUAGE_STANDARD = gnu99;
				GCC_WARN_64_TO_32_BIT_CONVERSION = YES;
				GCC_WARN_ABOUT_RETURN_TYPE = YES_ERROR;
				GCC_WARN_UNDECLARED_SELECTOR = YES;
				GCC_WARN_UNINITIALIZED_AUTOS = YES_AGGRESSIVE;
				GCC_WARN_UNUSED_FUNCTION = YES;
				GCC_WARN_UNUSED_VARIABLE = YES;
				IPHONEOS_DEPLOYMENT_TARGET = 8.1;
				MTL_ENABLE_DEBUG_INFO = NO;
				SDKROOT = iphoneos;
				VALIDATE_PRODUCT = YES;
			};
			name = Release;
		};
		1290AA8E1A8346F3004F1553 /* Debug */ = {
			isa = XCBuildConfiguration;
			buildSettings = {
				ASSETCATALOG_COMPILER_APPICON_NAME = AppIcon;
				INFOPLIST_FILE = Trying/Info.plist;
				LD_RUNPATH_SEARCH_PATHS = "$(inherited) @executable_path/Frameworks";
				PRODUCT_NAME = "$(TARGET_NAME)";
			};
			name = Debug;
		};
		1290AA8F1A8346F3004F1553 /* Release */ = {
			isa = XCBuildConfiguration;
			buildSettings = {
				ASSETCATALOG_COMPILER_APPICON_NAME = AppIcon;
				INFOPLIST_FILE = Trying/Info.plist;
				LD_RUNPATH_SEARCH_PATHS = "$(inherited) @executable_path/Frameworks";
				PRODUCT_NAME = "$(TARGET_NAME)";
			};
			name = Release;
		};
		1290AA911A8346F3004F1553 /* Debug */ = {
			isa = XCBuildConfiguration;
			buildSettings = {
				BUNDLE_LOADER = "$(TEST_HOST)";
				FRAMEWORK_SEARCH_PATHS = (
					"$(SDKROOT)/Developer/Library/Frameworks",
					"$(inherited)",
				);
				GCC_PREPROCESSOR_DEFINITIONS = (
					"DEBUG=1",
					"$(inherited)",
				);
				INFOPLIST_FILE = TryingTests/Info.plist;
				LD_RUNPATH_SEARCH_PATHS = "$(inherited) @executable_path/Frameworks @loader_path/Frameworks";
				PRODUCT_NAME = "$(TARGET_NAME)";
				TEST_HOST = "$(BUILT_PRODUCTS_DIR)/Trying.app/Trying";
			};
			name = Debug;
		};
		1290AA921A8346F3004F1553 /* Release */ = {
			isa = XCBuildConfiguration;
			buildSettings = {
				BUNDLE_LOADER = "$(TEST_HOST)";
				FRAMEWORK_SEARCH_PATHS = (
					"$(SDKROOT)/Developer/Library/Frameworks",
					"$(inherited)",
				);
				INFOPLIST_FILE = TryingTests/Info.plist;
				LD_RUNPATH_SEARCH_PATHS = "$(inherited) @executable_path/Frameworks @loader_path/Frameworks";
				PRODUCT_NAME = "$(TARGET_NAME)";
				TEST_HOST = "$(BUILT_PRODUCTS_DIR)/Trying.app/Trying";
			};
			name = Release;
		};
		12A5D7581AAD877000A7F29F /* Debug */ = {
			isa = XCBuildConfiguration;
			buildSettings = {
				BUNDLE_LOADER = "$(TEST_HOST)";
				COMBINE_HIDPI_IMAGES = YES;
				FRAMEWORK_SEARCH_PATHS = (
					"$(DEVELOPER_FRAMEWORKS_DIR)",
					"$(inherited)",
				);
				GCC_PREPROCESSOR_DEFINITIONS = (
					"DEBUG=1",
					"$(inherited)",
				);
				INFOPLIST_FILE = TryingTestsNew/Info.plist;
				LD_RUNPATH_SEARCH_PATHS = "$(inherited) @executable_path/../Frameworks @loader_path/../Frameworks";
				MACOSX_DEPLOYMENT_TARGET = 10.10;
				PRODUCT_NAME = "$(TARGET_NAME)";
				SDKROOT = iphoneos;
				SUPPORTED_PLATFORMS = "iphonesimulator iphoneos";
				TEST_HOST = "$(BUILT_PRODUCTS_DIR)/Trying.app/Trying";
			};
			name = Debug;
		};
		12A5D7591AAD877000A7F29F /* Release */ = {
			isa = XCBuildConfiguration;
			buildSettings = {
				BUNDLE_LOADER = "$(TEST_HOST)";
				COMBINE_HIDPI_IMAGES = YES;
				DEBUG_INFORMATION_FORMAT = "dwarf-with-dsym";
				FRAMEWORK_SEARCH_PATHS = (
					"$(DEVELOPER_FRAMEWORKS_DIR)",
					"$(inherited)",
				);
				INFOPLIST_FILE = TryingTestsNew/Info.plist;
				LD_RUNPATH_SEARCH_PATHS = "$(inherited) @executable_path/../Frameworks @loader_path/../Frameworks";
				MACOSX_DEPLOYMENT_TARGET = 10.10;
				PRODUCT_NAME = "$(TARGET_NAME)";
				SDKROOT = iphoneos;
				SUPPORTED_PLATFORMS = "iphonesimulator iphoneos";
				TEST_HOST = "$(BUILT_PRODUCTS_DIR)/Trying.app/Trying";
			};
			name = Release;
		};
/* End XCBuildConfiguration section */

/* Begin XCConfigurationList section */
		1290AA651A8346F3004F1553 /* Build configuration list for PBXProject "Trying" */ = {
			isa = XCConfigurationList;
			buildConfigurations = (
				1290AA8B1A8346F3004F1553 /* Debug */,
				1290AA8C1A8346F3004F1553 /* Release */,
			);
			defaultConfigurationIsVisible = 0;
			defaultConfigurationName = Release;
		};
		1290AA8D1A8346F3004F1553 /* Build configuration list for PBXNativeTarget "Trying" */ = {
			isa = XCConfigurationList;
			buildConfigurations = (
				1290AA8E1A8346F3004F1553 /* Debug */,
				1290AA8F1A8346F3004F1553 /* Release */,
			);
			defaultConfigurationIsVisible = 0;
			defaultConfigurationName = Release;
		};
		1290AA901A8346F3004F1553 /* Build configuration list for PBXNativeTarget "TryingTests" */ = {
			isa = XCConfigurationList;
			buildConfigurations = (
				1290AA911A8346F3004F1553 /* Debug */,
				1290AA921A8346F3004F1553 /* Release */,
			);
			defaultConfigurationIsVisible = 0;
			defaultConfigurationName = Release;
		};
		12A5D7571AAD877000A7F29F /* Build configuration list for PBXNativeTarget "TryingTestsNew" */ = {
			isa = XCConfigurationList;
			buildConfigurations = (
				12A5D7581AAD877000A7F29F /* Debug */,
				12A5D7591AAD877000A7F29F /* Release */,
			);
			defaultConfigurationIsVisible = 0;
		};
/* End XCConfigurationList section */
	};
	rootObject = 1290AA621A8346F3004F1553 /* Project object */;
}
